// !$*UTF8*$!
{
	archiveVersion = 1;
	classes = {
	};
	objectVersion = 46;
	objects = {

/* Begin PBXBuildFile section */
		2B0A0D64172628D30057D9DD /* MDetailCell.m in Sources */ = {isa = PBXBuildFile; fileRef = 2B0A0D63172628D30057D9DD /* MDetailCell.m */; };
		2B17DD8717163AC600C7AB97 /* UIKit.framework in Frameworks */ = {isa = PBXBuildFile; fileRef = 2B17DD8617163AC600C7AB97 /* UIKit.framework */; };
		2B17DD8917163AC600C7AB97 /* Foundation.framework in Frameworks */ = {isa = PBXBuildFile; fileRef = 2B17DD8817163AC600C7AB97 /* Foundation.framework */; };
		2B17DD8B17163AC600C7AB97 /* CoreGraphics.framework in Frameworks */ = {isa = PBXBuildFile; fileRef = 2B17DD8A17163AC600C7AB97 /* CoreGraphics.framework */; };
		2B17DD9117163AC600C7AB97 /* InfoPlist.strings in Resources */ = {isa = PBXBuildFile; fileRef = 2B17DD8F17163AC600C7AB97 /* InfoPlist.strings */; };
		2B17DD9317163AC600C7AB97 /* main.m in Sources */ = {isa = PBXBuildFile; fileRef = 2B17DD9217163AC600C7AB97 /* main.m */; };
		2B17DD9717163AC600C7AB97 /* RococoAppDelegate.m in Sources */ = {isa = PBXBuildFile; fileRef = 2B17DD9617163AC600C7AB97 /* RococoAppDelegate.m */; };
		2B17DDAA17163BF400C7AB97 /* airplane.png in Resources */ = {isa = PBXBuildFile; fileRef = 2B17DDA917163BF400C7AB97 /* airplane.png */; };
		2B17DDAE1716569E00C7AB97 /* Default-568h@2x.png in Resources */ = {isa = PBXBuildFile; fileRef = 2B17DDAB1716569E00C7AB97 /* Default-568h@2x.png */; };
		2B17DDAF1716569E00C7AB97 /* Default.png in Resources */ = {isa = PBXBuildFile; fileRef = 2B17DDAC1716569E00C7AB97 /* Default.png */; };
		2B17DDB01716569E00C7AB97 /* Default@2x.png in Resources */ = {isa = PBXBuildFile; fileRef = 2B17DDAD1716569E00C7AB97 /* Default@2x.png */; };
		2B17DDB31717935700C7AB97 /* button_back.png in Resources */ = {isa = PBXBuildFile; fileRef = 2B17DDB21717935700C7AB97 /* button_back.png */; };
		2B17DDB51717935F00C7AB97 /* button_normal.png in Resources */ = {isa = PBXBuildFile; fileRef = 2B17DDB41717935F00C7AB97 /* button_normal.png */; };
		2B17DDB71717936800C7AB97 /* navbar_bg.png in Resources */ = {isa = PBXBuildFile; fileRef = 2B17DDB61717936800C7AB97 /* navbar_bg.png */; };
		2B17DDB91717936E00C7AB97 /* navbar_bg@2x.png in Resources */ = {isa = PBXBuildFile; fileRef = 2B17DDB81717936E00C7AB97 /* navbar_bg@2x.png */; };
		2B17DDBC1717958D00C7AB97 /* MNavigationController.m in Sources */ = {isa = PBXBuildFile; fileRef = 2B17DDBB1717958C00C7AB97 /* MNavigationController.m */; };
		2B17DDBE17179F1B00C7AB97 /* CoreLocation.framework in Frameworks */ = {isa = PBXBuildFile; fileRef = 2B17DDBD17179F1B00C7AB97 /* CoreLocation.framework */; };
		2B17DDC11717A26B00C7AB97 /* MItemListController.m in Sources */ = {isa = PBXBuildFile; fileRef = 2B17DDC01717A26B00C7AB97 /* MItemListController.m */; };
		2B188FDD171D1C53000CC570 /* CFNetwork.framework in Frameworks */ = {isa = PBXBuildFile; fileRef = 2B188FDC171D1C53000CC570 /* CFNetwork.framework */; };
		2B188FDF171D1C63000CC570 /* SystemConfiguration.framework in Frameworks */ = {isa = PBXBuildFile; fileRef = 2B188FDE171D1C63000CC570 /* SystemConfiguration.framework */; };
		2B188FE1171D1C6E000CC570 /* MobileCoreServices.framework in Frameworks */ = {isa = PBXBuildFile; fileRef = 2B188FE0171D1C6E000CC570 /* MobileCoreServices.framework */; };
		2B188FE5171D1DFC000CC570 /* libz.dylib in Frameworks */ = {isa = PBXBuildFile; fileRef = 2B188FE4171D1DFC000CC570 /* libz.dylib */; };
		2B188FFC171D24F2000CC570 /* AFHTTPClient.m in Sources */ = {isa = PBXBuildFile; fileRef = 2B188FEA171D24F2000CC570 /* AFHTTPClient.m */; settings = {COMPILER_FLAGS = "-fobjc-arc"; }; };
		2B188FFD171D24F2000CC570 /* AFHTTPRequestOperation.m in Sources */ = {isa = PBXBuildFile; fileRef = 2B188FEC171D24F2000CC570 /* AFHTTPRequestOperation.m */; settings = {COMPILER_FLAGS = "-fobjc-arc"; }; };
		2B188FFE171D24F2000CC570 /* AFImageRequestOperation.m in Sources */ = {isa = PBXBuildFile; fileRef = 2B188FEE171D24F2000CC570 /* AFImageRequestOperation.m */; settings = {COMPILER_FLAGS = "-fobjc-arc"; }; };
		2B188FFF171D24F2000CC570 /* AFJSONRequestOperation.m in Sources */ = {isa = PBXBuildFile; fileRef = 2B188FF0171D24F2000CC570 /* AFJSONRequestOperation.m */; settings = {COMPILER_FLAGS = "-fobjc-arc"; }; };
		2B189000171D24F2000CC570 /* AFNetworkActivityIndicatorManager.m in Sources */ = {isa = PBXBuildFile; fileRef = 2B188FF2171D24F2000CC570 /* AFNetworkActivityIndicatorManager.m */; settings = {COMPILER_FLAGS = "-fobjc-arc"; }; };
		2B189001171D24F2000CC570 /* AFPropertyListRequestOperation.m in Sources */ = {isa = PBXBuildFile; fileRef = 2B188FF5171D24F2000CC570 /* AFPropertyListRequestOperation.m */; settings = {COMPILER_FLAGS = "-fobjc-arc"; }; };
		2B189002171D24F2000CC570 /* AFURLConnectionOperation.m in Sources */ = {isa = PBXBuildFile; fileRef = 2B188FF7171D24F2000CC570 /* AFURLConnectionOperation.m */; settings = {COMPILER_FLAGS = "-fobjc-arc"; }; };
		2B189003171D24F2000CC570 /* AFXMLRequestOperation.m in Sources */ = {isa = PBXBuildFile; fileRef = 2B188FF9171D24F2000CC570 /* AFXMLRequestOperation.m */; settings = {COMPILER_FLAGS = "-fobjc-arc"; }; };
		2B189004171D24F2000CC570 /* UIImageView+AFNetworking.m in Sources */ = {isa = PBXBuildFile; fileRef = 2B188FFB171D24F2000CC570 /* UIImageView+AFNetworking.m */; settings = {COMPILER_FLAGS = "-fobjc-arc"; }; };
		2B289F98171F819100A3CE7B /* Const.m in Sources */ = {isa = PBXBuildFile; fileRef = 2B289F97171F819100A3CE7B /* Const.m */; };
		2B289F9C171FAF2700A3CE7B /* MSelectController.m in Sources */ = {isa = PBXBuildFile; fileRef = 2B289F9B171FAF2700A3CE7B /* MSelectController.m */; };
		2B2E7A651741FD5A0061B330 /* share this.png in Resources */ = {isa = PBXBuildFile; fileRef = 2B2E7A641741FD5A0061B330 /* share this.png */; };
		2B774CA21720E5D400FFD9DF /* MWindow.m in Sources */ = {isa = PBXBuildFile; fileRef = 2B774CA11720E5D400FFD9DF /* MWindow.m */; };
		2B774CA51721051300FFD9DF /* CarouselView.m in Sources */ = {isa = PBXBuildFile; fileRef = 2B774CA41721051300FFD9DF /* CarouselView.m */; };
		2B774CAB172105A000FFD9DF /* iCarousel.m in Sources */ = {isa = PBXBuildFile; fileRef = 2B774CAA172105A000FFD9DF /* iCarousel.m */; };
		2B774CAF17210E6A00FFD9DF /* background.png in Resources */ = {isa = PBXBuildFile; fileRef = 2B774CAC17210E6A00FFD9DF /* background.png */; };
		2B774CB017210E6A00FFD9DF /* page.png in Resources */ = {isa = PBXBuildFile; fileRef = 2B774CAD17210E6A00FFD9DF /* page.png */; };
		2B774CB517210ED800FFD9DF /* MItemDetailController.m in Sources */ = {isa = PBXBuildFile; fileRef = 2B774CB417210ED800FFD9DF /* MItemDetailController.m */; };
		2B774CB7172110BE00FFD9DF /* QuartzCore.framework in Frameworks */ = {isa = PBXBuildFile; fileRef = 2B774CB6172110BE00FFD9DF /* QuartzCore.framework */; };
		2B774CBA172129BD00FFD9DF /* MNetWork.m in Sources */ = {isa = PBXBuildFile; fileRef = 2B774CB9172129BD00FFD9DF /* MNetWork.m */; };
		2B82CB92171E2AEC00A5A4EC /* MItemCell.m in Sources */ = {isa = PBXBuildFile; fileRef = 2B82CB91171E2AEC00A5A4EC /* MItemCell.m */; };
		2B82CB94171E2E4000A5A4EC /* MItemCell.xib in Resources */ = {isa = PBXBuildFile; fileRef = 2B82CB93171E2E4000A5A4EC /* MItemCell.xib */; };
		2B82CB99171E399A00A5A4EC /* Item.m in Sources */ = {isa = PBXBuildFile; fileRef = 2B82CB98171E399A00A5A4EC /* Item.m */; };
		2B82CBA3171E598400A5A4EC /* cell_bottom.png in Resources */ = {isa = PBXBuildFile; fileRef = 2B82CB9A171E598400A5A4EC /* cell_bottom.png */; };
		2B82CBA4171E598400A5A4EC /* cell_bottom@2x.png in Resources */ = {isa = PBXBuildFile; fileRef = 2B82CB9B171E598400A5A4EC /* cell_bottom@2x.png */; };
		2B82CBA5171E598400A5A4EC /* cell_middle.png in Resources */ = {isa = PBXBuildFile; fileRef = 2B82CB9C171E598400A5A4EC /* cell_middle.png */; };
		2B82CBA6171E598400A5A4EC /* cell_middle@2x.png in Resources */ = {isa = PBXBuildFile; fileRef = 2B82CB9D171E598400A5A4EC /* cell_middle@2x.png */; };
		2B82CBA7171E598400A5A4EC /* cell_top_tile.png in Resources */ = {isa = PBXBuildFile; fileRef = 2B82CB9E171E598400A5A4EC /* cell_top_tile.png */; };
		2B82CBA8171E598400A5A4EC /* cell_top.png in Resources */ = {isa = PBXBuildFile; fileRef = 2B82CB9F171E598400A5A4EC /* cell_top.png */; };
		2B82CBA9171E598400A5A4EC /* cell_top@2x.png in Resources */ = {isa = PBXBuildFile; fileRef = 2B82CBA0171E598400A5A4EC /* cell_top@2x.png */; };
		2B82CBAA171E598400A5A4EC /* common_bg.png in Resources */ = {isa = PBXBuildFile; fileRef = 2B82CBA1171E598400A5A4EC /* common_bg.png */; };
		2B82CBAB171E598400A5A4EC /* common_bg@2x.png in Resources */ = {isa = PBXBuildFile; fileRef = 2B82CBA2171E598400A5A4EC /* common_bg@2x.png */; };
		2B82CBAE171E602000A5A4EC /* MBProgressHUD.m in Sources */ = {isa = PBXBuildFile; fileRef = 2B82CBAD171E602000A5A4EC /* MBProgressHUD.m */; };
		2B82CBB1171E7A9100A5A4EC /* MConfigController.m in Sources */ = {isa = PBXBuildFile; fileRef = 2B82CBB0171E7A9000A5A4EC /* MConfigController.m */; };
		2B82CBB5171E814100A5A4EC /* MBaseController.m in Sources */ = {isa = PBXBuildFile; fileRef = 2B82CBB4171E814100A5A4EC /* MBaseController.m */; };
		2B82CBB8171E84F300A5A4EC /* MCell.m in Sources */ = {isa = PBXBuildFile; fileRef = 2B82CBB7171E84F300A5A4EC /* MCell.m */; };
		2B82CBBA171E898E00A5A4EC /* MCell.xib in Resources */ = {isa = PBXBuildFile; fileRef = 2B82CBB9171E898E00A5A4EC /* MCell.xib */; };
		2B82CBBD171E8A6B00A5A4EC /* MTextFieldCell.m in Sources */ = {isa = PBXBuildFile; fileRef = 2B82CBBC171E8A6B00A5A4EC /* MTextFieldCell.m */; };
		2B82CBBF171E8AD600A5A4EC /* MTextFieldCell.xib in Resources */ = {isa = PBXBuildFile; fileRef = 2B82CBBE171E8AD600A5A4EC /* MTextFieldCell.xib */; };
		2B82CBC2171E9B0400A5A4EC /* UserDefaults.m in Sources */ = {isa = PBXBuildFile; fileRef = 2B82CBC1171E9B0400A5A4EC /* UserDefaults.m */; };
		2B87254A1724F62B00FC5FC7 /* MDetailCell.xib in Resources */ = {isa = PBXBuildFile; fileRef = 2B8725491724F62B00FC5FC7 /* MDetailCell.xib */; };
		2B87254F1724FD6200FC5FC7 /* ItemDetail.m in Sources */ = {isa = PBXBuildFile; fileRef = 2B87254E1724FD6200FC5FC7 /* ItemDetail.m */; };
		2B8725511724FF4B00FC5FC7 /* MapKit.framework in Frameworks */ = {isa = PBXBuildFile; fileRef = 2B8725501724FF4B00FC5FC7 /* MapKit.framework */; };
		2BCB41851733AFDF00B4C12E /* Reachability.m in Sources */ = {isa = PBXBuildFile; fileRef = 2BCB41841733AFDF00B4C12E /* Reachability.m */; };
		2BE790411739ED8B001011FB /* airplane@2x.png.png in Resources */ = {isa = PBXBuildFile; fileRef = 2BE790401739ED8B001011FB /* airplane@2x.png.png */; };
		2BE79045173A0DA7001011FB /* white.png in Resources */ = {isa = PBXBuildFile; fileRef = 2BE79044173A0DA7001011FB /* white.png */; };
		2BE79049173A1049001011FB /* transparent.png.png in Resources */ = {isa = PBXBuildFile; fileRef = 2BE79048173A1049001011FB /* transparent.png.png */; };
		2BF13BAC172776AA0031AE64 /* TOrder.m in Sources */ = {isa = PBXBuildFile; fileRef = 2BF13BAB172776AA0031AE64 /* TOrder.m */; };
		2BF13BAF172778200031AE64 /* MOrderCreateController.m in Sources */ = {isa = PBXBuildFile; fileRef = 2BF13BAE172778200031AE64 /* MOrderCreateController.m */; };
		801343A0172F74D0007FEBB1 /* MMapController.m in Sources */ = {isa = PBXBuildFile; fileRef = 8013439F172F74D0007FEBB1 /* MMapController.m */; };
		801343BA172F9138007FEBB1 /* home_selected.png in Resources */ = {isa = PBXBuildFile; fileRef = 801343A6172F9138007FEBB1 /* home_selected.png */; };
		801343BB172F9138007FEBB1 /* home_selected@2x.png in Resources */ = {isa = PBXBuildFile; fileRef = 801343A7172F9138007FEBB1 /* home_selected@2x.png */; };
		801343DF172FA8DC007FEBB1 /* RIButtonItem.m in Sources */ = {isa = PBXBuildFile; fileRef = 801343DA172FA8DC007FEBB1 /* RIButtonItem.m */; };
		801343E0172FA8DC007FEBB1 /* UIActionSheet+Blocks.m in Sources */ = {isa = PBXBuildFile; fileRef = 801343DC172FA8DC007FEBB1 /* UIActionSheet+Blocks.m */; };
		801343E1172FA8DC007FEBB1 /* UIAlertView+Blocks.m in Sources */ = {isa = PBXBuildFile; fileRef = 801343DE172FA8DC007FEBB1 /* UIAlertView+Blocks.m */; };
		8023A74517393D6400C9ED75 /* placeholder.png in Resources */ = {isa = PBXBuildFile; fileRef = 8023A74317393D6400C9ED75 /* placeholder.png */; };
		8023A74617393D6400C9ED75 /* placeholder@2x.png in Resources */ = {isa = PBXBuildFile; fileRef = 8023A74417393D6400C9ED75 /* placeholder@2x.png */; };
		8023A74917393E8200C9ED75 /* thumbnail.png in Resources */ = {isa = PBXBuildFile; fileRef = 8023A74717393E8200C9ED75 /* thumbnail.png */; };
		8023A74A17393E8200C9ED75 /* thumbnail@2x.png in Resources */ = {isa = PBXBuildFile; fileRef = 8023A74817393E8200C9ED75 /* thumbnail@2x.png */; };
		8023A74D1739465F00C9ED75 /* HOME.png in Resources */ = {isa = PBXBuildFile; fileRef = 8023A74B1739465F00C9ED75 /* HOME.png */; };
		8023A74E1739465F00C9ED75 /* hotel.png in Resources */ = {isa = PBXBuildFile; fileRef = 8023A74C1739465F00C9ED75 /* hotel.png */; };
		802E60871733DE7500E7BBE3 /* MDB.xcdatamodeld in Sources */ = {isa = PBXBuildFile; fileRef = 802E60851733DE7500E7BBE3 /* MDB.xcdatamodeld */; };
		802E608A1733E0B600E7BBE3 /* CoreData.framework in Frameworks */ = {isa = PBXBuildFile; fileRef = 802E60891733E0B600E7BBE3 /* CoreData.framework */; };
		802E60941734C99300E7BBE3 /* MMyOrderController.m in Sources */ = {isa = PBXBuildFile; fileRef = 802E60931734C99300E7BBE3 /* MMyOrderController.m */; };
		80C963321736339A007A983A /* OrderEntity.m in Sources */ = {isa = PBXBuildFile; fileRef = 80C963311736339A007A983A /* OrderEntity.m */; };
		80C9633917363E1C007A983A /* MOrderCell.m in Sources */ = {isa = PBXBuildFile; fileRef = 80C9633817363E1C007A983A /* MOrderCell.m */; };
		80C9633C17364E6A007A983A /* MOrderDetailController.m in Sources */ = {isa = PBXBuildFile; fileRef = 80C9633B17364E6A007A983A /* MOrderDetailController.m */; };
		80D37959172E29D6008075AF /* Utility.m in Sources */ = {isa = PBXBuildFile; fileRef = 80D37958172E29D6008075AF /* Utility.m */; };
		80D3795D172E2AD2008075AF /* NSString+Category.m in Sources */ = {isa = PBXBuildFile; fileRef = 80D3795C172E2AD2008075AF /* NSString+Category.m */; };
		80D379A7172EDE55008075AF /* NotifyCheck.png in Resources */ = {isa = PBXBuildFile; fileRef = 80D379A3172EDE53008075AF /* NotifyCheck.png */; };
		80D379A8172EDE55008075AF /* NotifyCheck@2x.png in Resources */ = {isa = PBXBuildFile; fileRef = 80D379A4172EDE53008075AF /* NotifyCheck@2x.png */; };
		80D379A9172EDE55008075AF /* NotifyX.png in Resources */ = {isa = PBXBuildFile; fileRef = 80D379A5172EDE53008075AF /* NotifyX.png */; };
		80D379AA172EDE55008075AF /* NotifyX@2x.png in Resources */ = {isa = PBXBuildFile; fileRef = 80D379A6172EDE54008075AF /* NotifyX@2x.png */; };
		80D379AD172EDE73008075AF /* JSNotifier.m in Sources */ = {isa = PBXBuildFile; fileRef = 80D379AC172EDE72008075AF /* JSNotifier.m */; };
		80F21F6F173BDCC100D9A580 /* hotel1.png in Resources */ = {isa = PBXBuildFile; fileRef = 80F21F6A173BDCC100D9A580 /* hotel1.png */; };
		80F21F70173BDCC100D9A580 /* House-256.png in Resources */ = {isa = PBXBuildFile; fileRef = 80F21F6B173BDCC100D9A580 /* House-256.png */; };
		80F21F71173BDCC100D9A580 /* OldHouse.png in Resources */ = {isa = PBXBuildFile; fileRef = 80F21F6C173BDCC100D9A580 /* OldHouse.png */; };
		80F21F75173DF38100D9A580 /* iPhoneIcon_Big.png in Resources */ = {isa = PBXBuildFile; fileRef = 80F21F73173DF38100D9A580 /* iPhoneIcon_Big.png */; };
		80F21F76173DF38100D9A580 /* iPhoneIcon_Small.png in Resources */ = {isa = PBXBuildFile; fileRef = 80F21F74173DF38100D9A580 /* iPhoneIcon_Small.png */; };
		80F21F78173DF48100D9A580 /* Home-icon.png in Resources */ = {isa = PBXBuildFile; fileRef = 80F21F77173DF48100D9A580 /* Home-icon.png */; };
/* End PBXBuildFile section */

/* Begin PBXFileReference section */
		2B0A0D62172628D30057D9DD /* MDetailCell.h */ = {isa = PBXFileReference; fileEncoding = 4; lastKnownFileType = sourcecode.c.h; path = MDetailCell.h; sourceTree = "<group>"; };
		2B0A0D63172628D30057D9DD /* MDetailCell.m */ = {isa = PBXFileReference; fileEncoding = 4; lastKnownFileType = sourcecode.c.objc; path = MDetailCell.m; sourceTree = "<group>"; };
		2B17DD8317163AC500C7AB97 /* ctrip-mobile.app */ = {isa = PBXFileReference; explicitFileType = wrapper.application; includeInIndex = 0; path = "ctrip-mobile.app"; sourceTree = BUILT_PRODUCTS_DIR; };
		2B17DD8617163AC600C7AB97 /* UIKit.framework */ = {isa = PBXFileReference; lastKnownFileType = wrapper.framework; name = UIKit.framework; path = System/Library/Frameworks/UIKit.framework; sourceTree = SDKROOT; };
		2B17DD8817163AC600C7AB97 /* Foundation.framework */ = {isa = PBXFileReference; lastKnownFileType = wrapper.framework; name = Foundation.framework; path = System/Library/Frameworks/Foundation.framework; sourceTree = SDKROOT; };
		2B17DD8A17163AC600C7AB97 /* CoreGraphics.framework */ = {isa = PBXFileReference; lastKnownFileType = wrapper.framework; name = CoreGraphics.framework; path = System/Library/Frameworks/CoreGraphics.framework; sourceTree = SDKROOT; };
		2B17DD8E17163AC600C7AB97 /* ctrip-mobile-Info.plist */ = {isa = PBXFileReference; lastKnownFileType = text.plist.xml; path = "ctrip-mobile-Info.plist"; sourceTree = "<group>"; };
		2B17DD9017163AC600C7AB97 /* en */ = {isa = PBXFileReference; lastKnownFileType = text.plist.strings; name = en; path = en.lproj/InfoPlist.strings; sourceTree = "<group>"; };
		2B17DD9217163AC600C7AB97 /* main.m */ = {isa = PBXFileReference; lastKnownFileType = sourcecode.c.objc; path = main.m; sourceTree = "<group>"; };
		2B17DD9417163AC600C7AB97 /* ctrip-mobile-Prefix.pch */ = {isa = PBXFileReference; lastKnownFileType = sourcecode.c.h; path = "ctrip-mobile-Prefix.pch"; sourceTree = "<group>"; };
		2B17DD9517163AC600C7AB97 /* RococoAppDelegate.h */ = {isa = PBXFileReference; lastKnownFileType = sourcecode.c.h; path = RococoAppDelegate.h; sourceTree = "<group>"; };
		2B17DD9617163AC600C7AB97 /* RococoAppDelegate.m */ = {isa = PBXFileReference; lastKnownFileType = sourcecode.c.objc; path = RococoAppDelegate.m; sourceTree = "<group>"; };
		2B17DDA917163BF400C7AB97 /* airplane.png */ = {isa = PBXFileReference; lastKnownFileType = image.png; path = airplane.png; sourceTree = "<group>"; };
		2B17DDAB1716569E00C7AB97 /* Default-568h@2x.png */ = {isa = PBXFileReference; lastKnownFileType = image.png; path = "Default-568h@2x.png"; sourceTree = "<group>"; };
		2B17DDAC1716569E00C7AB97 /* Default.png */ = {isa = PBXFileReference; lastKnownFileType = image.png; path = Default.png; sourceTree = "<group>"; };
		2B17DDAD1716569E00C7AB97 /* Default@2x.png */ = {isa = PBXFileReference; lastKnownFileType = image.png; path = "Default@2x.png"; sourceTree = "<group>"; };
		2B17DDB21717935700C7AB97 /* button_back.png */ = {isa = PBXFileReference; lastKnownFileType = image.png; path = button_back.png; sourceTree = "<group>"; };
		2B17DDB41717935F00C7AB97 /* button_normal.png */ = {isa = PBXFileReference; lastKnownFileType = image.png; path = button_normal.png; sourceTree = "<group>"; };
		2B17DDB61717936800C7AB97 /* navbar_bg.png */ = {isa = PBXFileReference; lastKnownFileType = image.png; path = navbar_bg.png; sourceTree = "<group>"; };
		2B17DDB81717936E00C7AB97 /* navbar_bg@2x.png */ = {isa = PBXFileReference; lastKnownFileType = image.png; path = "navbar_bg@2x.png"; sourceTree = "<group>"; };
		2B17DDBA1717958C00C7AB97 /* MNavigationController.h */ = {isa = PBXFileReference; fileEncoding = 4; lastKnownFileType = sourcecode.c.h; name = MNavigationController.h; path = "ctrip-mobile/MNavigationController.h"; sourceTree = "<group>"; };
		2B17DDBB1717958C00C7AB97 /* MNavigationController.m */ = {isa = PBXFileReference; fileEncoding = 4; lastKnownFileType = sourcecode.c.objc; name = MNavigationController.m; path = "ctrip-mobile/MNavigationController.m"; sourceTree = "<group>"; };
		2B17DDBD17179F1B00C7AB97 /* CoreLocation.framework */ = {isa = PBXFileReference; lastKnownFileType = wrapper.framework; name = CoreLocation.framework; path = System/Library/Frameworks/CoreLocation.framework; sourceTree = SDKROOT; };
		2B17DDBF1717A26B00C7AB97 /* MItemListController.h */ = {isa = PBXFileReference; fileEncoding = 4; lastKnownFileType = sourcecode.c.h; name = MItemListController.h; path = "ctrip-mobile/MItemListController.h"; sourceTree = "<group>"; };
		2B17DDC01717A26B00C7AB97 /* MItemListController.m */ = {isa = PBXFileReference; fileEncoding = 4; lastKnownFileType = sourcecode.c.objc; name = MItemListController.m; path = "ctrip-mobile/MItemListController.m"; sourceTree = "<group>"; };
		2B188FB1171D1931000CC570 /* JSON.h */ = {isa = PBXFileReference; lastKnownFileType = sourcecode.c.h; path = JSON.h; sourceTree = "<group>"; };
		2B188FB2171D1931000CC570 /* NSObject+SBJSON.h */ = {isa = PBXFileReference; lastKnownFileType = sourcecode.c.h; path = "NSObject+SBJSON.h"; sourceTree = "<group>"; };
		2B188FB3171D1931000CC570 /* NSObject+SBJSON.m */ = {isa = PBXFileReference; lastKnownFileType = sourcecode.c.objc; path = "NSObject+SBJSON.m"; sourceTree = "<group>"; };
		2B188FB4171D1931000CC570 /* NSString+SBJSON.h */ = {isa = PBXFileReference; lastKnownFileType = sourcecode.c.h; path = "NSString+SBJSON.h"; sourceTree = "<group>"; };
		2B188FB5171D1931000CC570 /* NSString+SBJSON.m */ = {isa = PBXFileReference; lastKnownFileType = sourcecode.c.objc; path = "NSString+SBJSON.m"; sourceTree = "<group>"; };
		2B188FB6171D1931000CC570 /* SBJSON.h */ = {isa = PBXFileReference; lastKnownFileType = sourcecode.c.h; path = SBJSON.h; sourceTree = "<group>"; };
		2B188FB7171D1931000CC570 /* SBJSON.m */ = {isa = PBXFileReference; lastKnownFileType = sourcecode.c.objc; path = SBJSON.m; sourceTree = "<group>"; };
		2B188FB8171D1931000CC570 /* SBJsonBase.h */ = {isa = PBXFileReference; lastKnownFileType = sourcecode.c.h; path = SBJsonBase.h; sourceTree = "<group>"; };
		2B188FB9171D1931000CC570 /* SBJsonBase.m */ = {isa = PBXFileReference; lastKnownFileType = sourcecode.c.objc; path = SBJsonBase.m; sourceTree = "<group>"; };
		2B188FBA171D1931000CC570 /* SBJsonParser.h */ = {isa = PBXFileReference; lastKnownFileType = sourcecode.c.h; path = SBJsonParser.h; sourceTree = "<group>"; };
		2B188FBB171D1931000CC570 /* SBJsonParser.m */ = {isa = PBXFileReference; lastKnownFileType = sourcecode.c.objc; path = SBJsonParser.m; sourceTree = "<group>"; };
		2B188FBC171D1931000CC570 /* SBJsonWriter.h */ = {isa = PBXFileReference; lastKnownFileType = sourcecode.c.h; path = SBJsonWriter.h; sourceTree = "<group>"; };
		2B188FBD171D1931000CC570 /* SBJsonWriter.m */ = {isa = PBXFileReference; lastKnownFileType = sourcecode.c.objc; path = SBJsonWriter.m; sourceTree = "<group>"; };
		2B188FDC171D1C53000CC570 /* CFNetwork.framework */ = {isa = PBXFileReference; lastKnownFileType = wrapper.framework; name = CFNetwork.framework; path = System/Library/Frameworks/CFNetwork.framework; sourceTree = SDKROOT; };
		2B188FDE171D1C63000CC570 /* SystemConfiguration.framework */ = {isa = PBXFileReference; lastKnownFileType = wrapper.framework; name = SystemConfiguration.framework; path = System/Library/Frameworks/SystemConfiguration.framework; sourceTree = SDKROOT; };
		2B188FE0171D1C6E000CC570 /* MobileCoreServices.framework */ = {isa = PBXFileReference; lastKnownFileType = wrapper.framework; name = MobileCoreServices.framework; path = System/Library/Frameworks/MobileCoreServices.framework; sourceTree = SDKROOT; };
		2B188FE4171D1DFC000CC570 /* libz.dylib */ = {isa = PBXFileReference; lastKnownFileType = "compiled.mach-o.dylib"; name = libz.dylib; path = usr/lib/libz.dylib; sourceTree = SDKROOT; };
		2B188FE9171D24F2000CC570 /* AFHTTPClient.h */ = {isa = PBXFileReference; fileEncoding = 4; lastKnownFileType = sourcecode.c.h; path = AFHTTPClient.h; sourceTree = "<group>"; };
		2B188FEA171D24F2000CC570 /* AFHTTPClient.m */ = {isa = PBXFileReference; fileEncoding = 4; lastKnownFileType = sourcecode.c.objc; path = AFHTTPClient.m; sourceTree = "<group>"; };
		2B188FEB171D24F2000CC570 /* AFHTTPRequestOperation.h */ = {isa = PBXFileReference; fileEncoding = 4; lastKnownFileType = sourcecode.c.h; path = AFHTTPRequestOperation.h; sourceTree = "<group>"; };
		2B188FEC171D24F2000CC570 /* AFHTTPRequestOperation.m */ = {isa = PBXFileReference; fileEncoding = 4; lastKnownFileType = sourcecode.c.objc; path = AFHTTPRequestOperation.m; sourceTree = "<group>"; };
		2B188FED171D24F2000CC570 /* AFImageRequestOperation.h */ = {isa = PBXFileReference; fileEncoding = 4; lastKnownFileType = sourcecode.c.h; path = AFImageRequestOperation.h; sourceTree = "<group>"; };
		2B188FEE171D24F2000CC570 /* AFImageRequestOperation.m */ = {isa = PBXFileReference; fileEncoding = 4; lastKnownFileType = sourcecode.c.objc; path = AFImageRequestOperation.m; sourceTree = "<group>"; };
		2B188FEF171D24F2000CC570 /* AFJSONRequestOperation.h */ = {isa = PBXFileReference; fileEncoding = 4; lastKnownFileType = sourcecode.c.h; path = AFJSONRequestOperation.h; sourceTree = "<group>"; };
		2B188FF0171D24F2000CC570 /* AFJSONRequestOperation.m */ = {isa = PBXFileReference; fileEncoding = 4; lastKnownFileType = sourcecode.c.objc; path = AFJSONRequestOperation.m; sourceTree = "<group>"; };
		2B188FF1171D24F2000CC570 /* AFNetworkActivityIndicatorManager.h */ = {isa = PBXFileReference; fileEncoding = 4; lastKnownFileType = sourcecode.c.h; path = AFNetworkActivityIndicatorManager.h; sourceTree = "<group>"; };
		2B188FF2171D24F2000CC570 /* AFNetworkActivityIndicatorManager.m */ = {isa = PBXFileReference; fileEncoding = 4; lastKnownFileType = sourcecode.c.objc; path = AFNetworkActivityIndicatorManager.m; sourceTree = "<group>"; };
		2B188FF3171D24F2000CC570 /* AFNetworking.h */ = {isa = PBXFileReference; fileEncoding = 4; lastKnownFileType = sourcecode.c.h; path = AFNetworking.h; sourceTree = "<group>"; };
		2B188FF4171D24F2000CC570 /* AFPropertyListRequestOperation.h */ = {isa = PBXFileReference; fileEncoding = 4; lastKnownFileType = sourcecode.c.h; path = AFPropertyListRequestOperation.h; sourceTree = "<group>"; };
		2B188FF5171D24F2000CC570 /* AFPropertyListRequestOperation.m */ = {isa = PBXFileReference; fileEncoding = 4; lastKnownFileType = sourcecode.c.objc; path = AFPropertyListRequestOperation.m; sourceTree = "<group>"; };
		2B188FF6171D24F2000CC570 /* AFURLConnectionOperation.h */ = {isa = PBXFileReference; fileEncoding = 4; lastKnownFileType = sourcecode.c.h; path = AFURLConnectionOperation.h; sourceTree = "<group>"; };
		2B188FF7171D24F2000CC570 /* AFURLConnectionOperation.m */ = {isa = PBXFileReference; fileEncoding = 4; lastKnownFileType = sourcecode.c.objc; path = AFURLConnectionOperation.m; sourceTree = "<group>"; };
		2B188FF8171D24F2000CC570 /* AFXMLRequestOperation.h */ = {isa = PBXFileReference; fileEncoding = 4; lastKnownFileType = sourcecode.c.h; path = AFXMLRequestOperation.h; sourceTree = "<group>"; };
		2B188FF9171D24F2000CC570 /* AFXMLRequestOperation.m */ = {isa = PBXFileReference; fileEncoding = 4; lastKnownFileType = sourcecode.c.objc; path = AFXMLRequestOperation.m; sourceTree = "<group>"; };
		2B188FFA171D24F2000CC570 /* UIImageView+AFNetworking.h */ = {isa = PBXFileReference; fileEncoding = 4; lastKnownFileType = sourcecode.c.h; path = "UIImageView+AFNetworking.h"; sourceTree = "<group>"; };
		2B188FFB171D24F2000CC570 /* UIImageView+AFNetworking.m */ = {isa = PBXFileReference; fileEncoding = 4; lastKnownFileType = sourcecode.c.objc; path = "UIImageView+AFNetworking.m"; sourceTree = "<group>"; };
		2B289F96171F819100A3CE7B /* Const.h */ = {isa = PBXFileReference; fileEncoding = 4; lastKnownFileType = sourcecode.c.h; path = Const.h; sourceTree = "<group>"; };
		2B289F97171F819100A3CE7B /* Const.m */ = {isa = PBXFileReference; fileEncoding = 4; lastKnownFileType = sourcecode.c.objc; path = Const.m; sourceTree = "<group>"; };
		2B289F9A171FAF2600A3CE7B /* MSelectController.h */ = {isa = PBXFileReference; fileEncoding = 4; lastKnownFileType = sourcecode.c.h; path = MSelectController.h; sourceTree = "<group>"; };
		2B289F9B171FAF2700A3CE7B /* MSelectController.m */ = {isa = PBXFileReference; fileEncoding = 4; lastKnownFileType = sourcecode.c.objc; path = MSelectController.m; sourceTree = "<group>"; };
		2B2E7A641741FD5A0061B330 /* share this.png */ = {isa = PBXFileReference; lastKnownFileType = image.png; path = "share this.png"; sourceTree = "<group>"; };
		2B774CA01720E5D400FFD9DF /* MWindow.h */ = {isa = PBXFileReference; fileEncoding = 4; lastKnownFileType = sourcecode.c.h; path = MWindow.h; sourceTree = "<group>"; };
		2B774CA11720E5D400FFD9DF /* MWindow.m */ = {isa = PBXFileReference; fileEncoding = 4; lastKnownFileType = sourcecode.c.objc; path = MWindow.m; sourceTree = "<group>"; };
		2B774CA31721051300FFD9DF /* CarouselView.h */ = {isa = PBXFileReference; fileEncoding = 4; lastKnownFileType = sourcecode.c.h; path = CarouselView.h; sourceTree = "<group>"; };
		2B774CA41721051300FFD9DF /* CarouselView.m */ = {isa = PBXFileReference; fileEncoding = 4; lastKnownFileType = sourcecode.c.objc; path = CarouselView.m; sourceTree = "<group>"; };
		2B774CA9172105A000FFD9DF /* iCarousel.h */ = {isa = PBXFileReference; fileEncoding = 4; lastKnownFileType = sourcecode.c.h; path = iCarousel.h; sourceTree = "<group>"; };
		2B774CAA172105A000FFD9DF /* iCarousel.m */ = {isa = PBXFileReference; fileEncoding = 4; lastKnownFileType = sourcecode.c.objc; path = iCarousel.m; sourceTree = "<group>"; };
		2B774CAC17210E6A00FFD9DF /* background.png */ = {isa = PBXFileReference; lastKnownFileType = image.png; name = background.png; path = ../background.png; sourceTree = "<group>"; };
		2B774CAD17210E6A00FFD9DF /* page.png */ = {isa = PBXFileReference; lastKnownFileType = image.png; name = page.png; path = ../page.png; sourceTree = "<group>"; };
		2B774CB317210ED800FFD9DF /* MItemDetailController.h */ = {isa = PBXFileReference; fileEncoding = 4; lastKnownFileType = sourcecode.c.h; path = MItemDetailController.h; sourceTree = "<group>"; };
		2B774CB417210ED800FFD9DF /* MItemDetailController.m */ = {isa = PBXFileReference; fileEncoding = 4; lastKnownFileType = sourcecode.c.objc; path = MItemDetailController.m; sourceTree = "<group>"; };
		2B774CB6172110BE00FFD9DF /* QuartzCore.framework */ = {isa = PBXFileReference; lastKnownFileType = wrapper.framework; name = QuartzCore.framework; path = System/Library/Frameworks/QuartzCore.framework; sourceTree = SDKROOT; };
		2B774CB8172129BD00FFD9DF /* MNetWork.h */ = {isa = PBXFileReference; fileEncoding = 4; lastKnownFileType = sourcecode.c.h; path = MNetWork.h; sourceTree = "<group>"; };
		2B774CB9172129BD00FFD9DF /* MNetWork.m */ = {isa = PBXFileReference; fileEncoding = 4; lastKnownFileType = sourcecode.c.objc; path = MNetWork.m; sourceTree = "<group>"; };
		2B82CB90171E2AEC00A5A4EC /* MItemCell.h */ = {isa = PBXFileReference; fileEncoding = 4; lastKnownFileType = sourcecode.c.h; path = MItemCell.h; sourceTree = "<group>"; };
		2B82CB91171E2AEC00A5A4EC /* MItemCell.m */ = {isa = PBXFileReference; fileEncoding = 4; lastKnownFileType = sourcecode.c.objc; path = MItemCell.m; sourceTree = "<group>"; };
		2B82CB93171E2E4000A5A4EC /* MItemCell.xib */ = {isa = PBXFileReference; fileEncoding = 4; lastKnownFileType = file.xib; path = MItemCell.xib; sourceTree = "<group>"; };
		2B82CB97171E399A00A5A4EC /* Item.h */ = {isa = PBXFileReference; fileEncoding = 4; lastKnownFileType = sourcecode.c.h; path = Item.h; sourceTree = "<group>"; };
		2B82CB98171E399A00A5A4EC /* Item.m */ = {isa = PBXFileReference; fileEncoding = 4; lastKnownFileType = sourcecode.c.objc; path = Item.m; sourceTree = "<group>"; };
		2B82CB9A171E598400A5A4EC /* cell_bottom.png */ = {isa = PBXFileReference; lastKnownFileType = image.png; path = cell_bottom.png; sourceTree = "<group>"; };
		2B82CB9B171E598400A5A4EC /* cell_bottom@2x.png */ = {isa = PBXFileReference; lastKnownFileType = image.png; path = "cell_bottom@2x.png"; sourceTree = "<group>"; };
		2B82CB9C171E598400A5A4EC /* cell_middle.png */ = {isa = PBXFileReference; lastKnownFileType = image.png; path = cell_middle.png; sourceTree = "<group>"; };
		2B82CB9D171E598400A5A4EC /* cell_middle@2x.png */ = {isa = PBXFileReference; lastKnownFileType = image.png; path = "cell_middle@2x.png"; sourceTree = "<group>"; };
		2B82CB9E171E598400A5A4EC /* cell_top_tile.png */ = {isa = PBXFileReference; lastKnownFileType = image.png; path = cell_top_tile.png; sourceTree = "<group>"; };
		2B82CB9F171E598400A5A4EC /* cell_top.png */ = {isa = PBXFileReference; lastKnownFileType = image.png; path = cell_top.png; sourceTree = "<group>"; };
		2B82CBA0171E598400A5A4EC /* cell_top@2x.png */ = {isa = PBXFileReference; lastKnownFileType = image.png; path = "cell_top@2x.png"; sourceTree = "<group>"; };
		2B82CBA1171E598400A5A4EC /* common_bg.png */ = {isa = PBXFileReference; lastKnownFileType = image.png; path = common_bg.png; sourceTree = "<group>"; };
		2B82CBA2171E598400A5A4EC /* common_bg@2x.png */ = {isa = PBXFileReference; lastKnownFileType = image.png; path = "common_bg@2x.png"; sourceTree = "<group>"; };
		2B82CBAC171E602000A5A4EC /* MBProgressHUD.h */ = {isa = PBXFileReference; fileEncoding = 4; lastKnownFileType = sourcecode.c.h; path = MBProgressHUD.h; sourceTree = "<group>"; };
		2B82CBAD171E602000A5A4EC /* MBProgressHUD.m */ = {isa = PBXFileReference; fileEncoding = 4; lastKnownFileType = sourcecode.c.objc; path = MBProgressHUD.m; sourceTree = "<group>"; };
		2B82CBAF171E7A9000A5A4EC /* MConfigController.h */ = {isa = PBXFileReference; fileEncoding = 4; lastKnownFileType = sourcecode.c.h; path = MConfigController.h; sourceTree = "<group>"; };
		2B82CBB0171E7A9000A5A4EC /* MConfigController.m */ = {isa = PBXFileReference; fileEncoding = 4; lastKnownFileType = sourcecode.c.objc; path = MConfigController.m; sourceTree = "<group>"; };
		2B82CBB3171E814100A5A4EC /* MBaseController.h */ = {isa = PBXFileReference; fileEncoding = 4; lastKnownFileType = sourcecode.c.h; path = MBaseController.h; sourceTree = "<group>"; };
		2B82CBB4171E814100A5A4EC /* MBaseController.m */ = {isa = PBXFileReference; fileEncoding = 4; lastKnownFileType = sourcecode.c.objc; path = MBaseController.m; sourceTree = "<group>"; };
		2B82CBB6171E84F300A5A4EC /* MCell.h */ = {isa = PBXFileReference; fileEncoding = 4; lastKnownFileType = sourcecode.c.h; path = MCell.h; sourceTree = "<group>"; };
		2B82CBB7171E84F300A5A4EC /* MCell.m */ = {isa = PBXFileReference; fileEncoding = 4; lastKnownFileType = sourcecode.c.objc; path = MCell.m; sourceTree = "<group>"; };
		2B82CBB9171E898E00A5A4EC /* MCell.xib */ = {isa = PBXFileReference; fileEncoding = 4; lastKnownFileType = file.xib; path = MCell.xib; sourceTree = "<group>"; };
		2B82CBBB171E8A6B00A5A4EC /* MTextFieldCell.h */ = {isa = PBXFileReference; fileEncoding = 4; lastKnownFileType = sourcecode.c.h; path = MTextFieldCell.h; sourceTree = "<group>"; };
		2B82CBBC171E8A6B00A5A4EC /* MTextFieldCell.m */ = {isa = PBXFileReference; fileEncoding = 4; lastKnownFileType = sourcecode.c.objc; path = MTextFieldCell.m; sourceTree = "<group>"; };
		2B82CBBE171E8AD600A5A4EC /* MTextFieldCell.xib */ = {isa = PBXFileReference; fileEncoding = 4; lastKnownFileType = file.xib; path = MTextFieldCell.xib; sourceTree = "<group>"; };
		2B82CBC0171E9B0400A5A4EC /* UserDefaults.h */ = {isa = PBXFileReference; fileEncoding = 4; lastKnownFileType = sourcecode.c.h; path = UserDefaults.h; sourceTree = "<group>"; };
		2B82CBC1171E9B0400A5A4EC /* UserDefaults.m */ = {isa = PBXFileReference; fileEncoding = 4; lastKnownFileType = sourcecode.c.objc; path = UserDefaults.m; sourceTree = "<group>"; };
		2B8725491724F62B00FC5FC7 /* MDetailCell.xib */ = {isa = PBXFileReference; fileEncoding = 4; lastKnownFileType = file.xib; path = MDetailCell.xib; sourceTree = "<group>"; };
		2B87254D1724FD6200FC5FC7 /* ItemDetail.h */ = {isa = PBXFileReference; fileEncoding = 4; lastKnownFileType = sourcecode.c.h; path = ItemDetail.h; sourceTree = "<group>"; };
		2B87254E1724FD6200FC5FC7 /* ItemDetail.m */ = {isa = PBXFileReference; fileEncoding = 4; lastKnownFileType = sourcecode.c.objc; path = ItemDetail.m; sourceTree = "<group>"; };
		2B8725501724FF4B00FC5FC7 /* MapKit.framework */ = {isa = PBXFileReference; lastKnownFileType = wrapper.framework; name = MapKit.framework; path = System/Library/Frameworks/MapKit.framework; sourceTree = SDKROOT; };
		2BCB41831733AFDF00B4C12E /* Reachability.h */ = {isa = PBXFileReference; fileEncoding = 4; lastKnownFileType = sourcecode.c.h; path = Reachability.h; sourceTree = "<group>"; };
		2BCB41841733AFDF00B4C12E /* Reachability.m */ = {isa = PBXFileReference; fileEncoding = 4; lastKnownFileType = sourcecode.c.objc; path = Reachability.m; sourceTree = "<group>"; };
		2BE790401739ED8B001011FB /* airplane@2x.png.png */ = {isa = PBXFileReference; lastKnownFileType = image.png; path = "airplane@2x.png.png"; sourceTree = "<group>"; };
		2BE79044173A0DA7001011FB /* white.png */ = {isa = PBXFileReference; lastKnownFileType = image.png; path = white.png; sourceTree = "<group>"; };
		2BE79048173A1049001011FB /* transparent.png.png */ = {isa = PBXFileReference; lastKnownFileType = image.png; path = transparent.png.png; sourceTree = "<group>"; };
		2BF13BAA172776AA0031AE64 /* TOrder.h */ = {isa = PBXFileReference; fileEncoding = 4; lastKnownFileType = sourcecode.c.h; path = TOrder.h; sourceTree = "<group>"; };
		2BF13BAB172776AA0031AE64 /* TOrder.m */ = {isa = PBXFileReference; fileEncoding = 4; lastKnownFileType = sourcecode.c.objc; path = TOrder.m; sourceTree = "<group>"; };
		2BF13BAD172778200031AE64 /* MOrderCreateController.h */ = {isa = PBXFileReference; fileEncoding = 4; lastKnownFileType = sourcecode.c.h; path = MOrderCreateController.h; sourceTree = "<group>"; };
		2BF13BAE172778200031AE64 /* MOrderCreateController.m */ = {isa = PBXFileReference; fileEncoding = 4; lastKnownFileType = sourcecode.c.objc; path = MOrderCreateController.m; sourceTree = "<group>"; };
		8013439E172F74D0007FEBB1 /* MMapController.h */ = {isa = PBXFileReference; fileEncoding = 4; lastKnownFileType = sourcecode.c.h; path = MMapController.h; sourceTree = "<group>"; };
		8013439F172F74D0007FEBB1 /* MMapController.m */ = {isa = PBXFileReference; fileEncoding = 4; lastKnownFileType = sourcecode.c.objc; path = MMapController.m; sourceTree = "<group>"; };
		801343A6172F9138007FEBB1 /* home_selected.png */ = {isa = PBXFileReference; lastKnownFileType = image.png; path = home_selected.png; sourceTree = "<group>"; };
		801343A7172F9138007FEBB1 /* home_selected@2x.png */ = {isa = PBXFileReference; lastKnownFileType = image.png; path = "home_selected@2x.png"; sourceTree = "<group>"; };
		801343D9172FA8DC007FEBB1 /* RIButtonItem.h */ = {isa = PBXFileReference; fileEncoding = 4; lastKnownFileType = sourcecode.c.h; path = RIButtonItem.h; sourceTree = "<group>"; };
		801343DA172FA8DC007FEBB1 /* RIButtonItem.m */ = {isa = PBXFileReference; fileEncoding = 4; lastKnownFileType = sourcecode.c.objc; path = RIButtonItem.m; sourceTree = "<group>"; };
		801343DB172FA8DC007FEBB1 /* UIActionSheet+Blocks.h */ = {isa = PBXFileReference; fileEncoding = 4; lastKnownFileType = sourcecode.c.h; path = "UIActionSheet+Blocks.h"; sourceTree = "<group>"; };
		801343DC172FA8DC007FEBB1 /* UIActionSheet+Blocks.m */ = {isa = PBXFileReference; fileEncoding = 4; lastKnownFileType = sourcecode.c.objc; path = "UIActionSheet+Blocks.m"; sourceTree = "<group>"; };
		801343DD172FA8DC007FEBB1 /* UIAlertView+Blocks.h */ = {isa = PBXFileReference; fileEncoding = 4; lastKnownFileType = sourcecode.c.h; path = "UIAlertView+Blocks.h"; sourceTree = "<group>"; };
		801343DE172FA8DC007FEBB1 /* UIAlertView+Blocks.m */ = {isa = PBXFileReference; fileEncoding = 4; lastKnownFileType = sourcecode.c.objc; path = "UIAlertView+Blocks.m"; sourceTree = "<group>"; };
		8023A74317393D6400C9ED75 /* placeholder.png */ = {isa = PBXFileReference; lastKnownFileType = image.png; path = placeholder.png; sourceTree = "<group>"; };
		8023A74417393D6400C9ED75 /* placeholder@2x.png */ = {isa = PBXFileReference; lastKnownFileType = image.png; path = "placeholder@2x.png"; sourceTree = "<group>"; };
		8023A74717393E8200C9ED75 /* thumbnail.png */ = {isa = PBXFileReference; lastKnownFileType = image.png; path = thumbnail.png; sourceTree = "<group>"; };
		8023A74817393E8200C9ED75 /* thumbnail@2x.png */ = {isa = PBXFileReference; lastKnownFileType = image.png; path = "thumbnail@2x.png"; sourceTree = "<group>"; };
		8023A74B1739465F00C9ED75 /* HOME.png */ = {isa = PBXFileReference; lastKnownFileType = image.png; path = HOME.png; sourceTree = "<group>"; };
		8023A74C1739465F00C9ED75 /* hotel.png */ = {isa = PBXFileReference; lastKnownFileType = image.png; path = hotel.png; sourceTree = "<group>"; };
		802E60861733DE7500E7BBE3 /* MDB.xcdatamodel */ = {isa = PBXFileReference; lastKnownFileType = wrapper.xcdatamodel; path = MDB.xcdatamodel; sourceTree = "<group>"; };
		802E60891733E0B600E7BBE3 /* CoreData.framework */ = {isa = PBXFileReference; lastKnownFileType = wrapper.framework; name = CoreData.framework; path = System/Library/Frameworks/CoreData.framework; sourceTree = SDKROOT; };
		802E60921734C99300E7BBE3 /* MMyOrderController.h */ = {isa = PBXFileReference; fileEncoding = 4; lastKnownFileType = sourcecode.c.h; path = MMyOrderController.h; sourceTree = "<group>"; };
		802E60931734C99300E7BBE3 /* MMyOrderController.m */ = {isa = PBXFileReference; fileEncoding = 4; lastKnownFileType = sourcecode.c.objc; path = MMyOrderController.m; sourceTree = "<group>"; };
		80C963301736339A007A983A /* OrderEntity.h */ = {isa = PBXFileReference; fileEncoding = 4; lastKnownFileType = sourcecode.c.h; path = OrderEntity.h; sourceTree = "<group>"; };
		80C963311736339A007A983A /* OrderEntity.m */ = {isa = PBXFileReference; fileEncoding = 4; lastKnownFileType = sourcecode.c.objc; path = OrderEntity.m; sourceTree = "<group>"; };
		80C9633717363E1C007A983A /* MOrderCell.h */ = {isa = PBXFileReference; fileEncoding = 4; lastKnownFileType = sourcecode.c.h; path = MOrderCell.h; sourceTree = "<group>"; };
		80C9633817363E1C007A983A /* MOrderCell.m */ = {isa = PBXFileReference; fileEncoding = 4; lastKnownFileType = sourcecode.c.objc; path = MOrderCell.m; sourceTree = "<group>"; };
		80C9633A17364E6A007A983A /* MOrderDetailController.h */ = {isa = PBXFileReference; fileEncoding = 4; lastKnownFileType = sourcecode.c.h; path = MOrderDetailController.h; sourceTree = "<group>"; };
		80C9633B17364E6A007A983A /* MOrderDetailController.m */ = {isa = PBXFileReference; fileEncoding = 4; lastKnownFileType = sourcecode.c.objc; path = MOrderDetailController.m; sourceTree = "<group>"; };
		80D37957172E29D6008075AF /* Utility.h */ = {isa = PBXFileReference; fileEncoding = 4; lastKnownFileType = sourcecode.c.h; path = Utility.h; sourceTree = "<group>"; };
		80D37958172E29D6008075AF /* Utility.m */ = {isa = PBXFileReference; fileEncoding = 4; lastKnownFileType = sourcecode.c.objc; path = Utility.m; sourceTree = "<group>"; };
		80D3795B172E2AD2008075AF /* NSString+Category.h */ = {isa = PBXFileReference; fileEncoding = 4; lastKnownFileType = sourcecode.c.h; path = "NSString+Category.h"; sourceTree = "<group>"; };
		80D3795C172E2AD2008075AF /* NSString+Category.m */ = {isa = PBXFileReference; fileEncoding = 4; lastKnownFileType = sourcecode.c.objc; path = "NSString+Category.m"; sourceTree = "<group>"; };
		80D379A3172EDE53008075AF /* NotifyCheck.png */ = {isa = PBXFileReference; lastKnownFileType = image.png; name = NotifyCheck.png; path = ../NotifyCheck.png; sourceTree = "<group>"; };
		80D379A4172EDE53008075AF /* NotifyCheck@2x.png */ = {isa = PBXFileReference; lastKnownFileType = image.png; name = "NotifyCheck@2x.png"; path = "../NotifyCheck@2x.png"; sourceTree = "<group>"; };
		80D379A5172EDE53008075AF /* NotifyX.png */ = {isa = PBXFileReference; lastKnownFileType = image.png; name = NotifyX.png; path = ../NotifyX.png; sourceTree = "<group>"; };
		80D379A6172EDE54008075AF /* NotifyX@2x.png */ = {isa = PBXFileReference; lastKnownFileType = image.png; name = "NotifyX@2x.png"; path = "../NotifyX@2x.png"; sourceTree = "<group>"; };
		80D379AB172EDE72008075AF /* JSNotifier.h */ = {isa = PBXFileReference; fileEncoding = 4; lastKnownFileType = sourcecode.c.h; path = JSNotifier.h; sourceTree = "<group>"; };
		80D379AC172EDE72008075AF /* JSNotifier.m */ = {isa = PBXFileReference; fileEncoding = 4; lastKnownFileType = sourcecode.c.objc; path = JSNotifier.m; sourceTree = "<group>"; };
		80F21F6A173BDCC100D9A580 /* hotel1.png */ = {isa = PBXFileReference; lastKnownFileType = image.png; path = hotel1.png; sourceTree = "<group>"; };
		80F21F6B173BDCC100D9A580 /* House-256.png */ = {isa = PBXFileReference; lastKnownFileType = image.png; path = "House-256.png"; sourceTree = "<group>"; };
		80F21F6C173BDCC100D9A580 /* OldHouse.png */ = {isa = PBXFileReference; lastKnownFileType = image.png; path = OldHouse.png; sourceTree = "<group>"; };
		80F21F73173DF38100D9A580 /* iPhoneIcon_Big.png */ = {isa = PBXFileReference; lastKnownFileType = image.png; path = iPhoneIcon_Big.png; sourceTree = "<group>"; };
		80F21F74173DF38100D9A580 /* iPhoneIcon_Small.png */ = {isa = PBXFileReference; lastKnownFileType = image.png; path = iPhoneIcon_Small.png; sourceTree = "<group>"; };
		80F21F77173DF48100D9A580 /* Home-icon.png */ = {isa = PBXFileReference; lastKnownFileType = image.png; path = "Home-icon.png"; sourceTree = "<group>"; };
/* End PBXFileReference section */

/* Begin PBXFrameworksBuildPhase section */
		2B17DD8017163AC500C7AB97 /* Frameworks */ = {
			isa = PBXFrameworksBuildPhase;
			buildActionMask = 2147483647;
			files = (
				802E608A1733E0B600E7BBE3 /* CoreData.framework in Frameworks */,
				2B8725511724FF4B00FC5FC7 /* MapKit.framework in Frameworks */,
				2B774CB7172110BE00FFD9DF /* QuartzCore.framework in Frameworks */,
				2B188FE5171D1DFC000CC570 /* libz.dylib in Frameworks */,
				2B188FE1171D1C6E000CC570 /* MobileCoreServices.framework in Frameworks */,
				2B188FDF171D1C63000CC570 /* SystemConfiguration.framework in Frameworks */,
				2B188FDD171D1C53000CC570 /* CFNetwork.framework in Frameworks */,
				2B17DDBE17179F1B00C7AB97 /* CoreLocation.framework in Frameworks */,
				2B17DD8717163AC600C7AB97 /* UIKit.framework in Frameworks */,
				2B17DD8917163AC600C7AB97 /* Foundation.framework in Frameworks */,
				2B17DD8B17163AC600C7AB97 /* CoreGraphics.framework in Frameworks */,
			);
			runOnlyForDeploymentPostprocessing = 0;
		};
/* End PBXFrameworksBuildPhase section */

/* Begin PBXGroup section */
		2B17DD7A17163AC500C7AB97 = {
			isa = PBXGroup;
			children = (
				80F21F77173DF48100D9A580 /* Home-icon.png */,
				80F21F73173DF38100D9A580 /* iPhoneIcon_Big.png */,
				80F21F74173DF38100D9A580 /* iPhoneIcon_Small.png */,
				2B2E7A641741FD5A0061B330 /* share this.png */,
				2BCB41831733AFDF00B4C12E /* Reachability.h */,
				2BCB41841733AFDF00B4C12E /* Reachability.m */,
				801343D8172FA8A4007FEBB1 /* Categories */,
				80D37957172E29D6008075AF /* Utility.h */,
				80D37958172E29D6008075AF /* Utility.m */,
				2B774CB8172129BD00FFD9DF /* MNetWork.h */,
				2B774CB9172129BD00FFD9DF /* MNetWork.m */,
				2B289F96171F819100A3CE7B /* Const.h */,
				2B289F97171F819100A3CE7B /* Const.m */,
				2B82CBB2171E811200A5A4EC /* Controllers */,
				2B82CB96171E395600A5A4EC /* Models */,
				2B82CB95171E2E4700A5A4EC /* Views */,
				2B188FE8171D24F2000CC570 /* AFNetworking */,
				2B188FDB171D1A41000CC570 /* MBProgressHUD */,
				2B188FBE171D1939000CC570 /* SBJSON */,
				2B17DD8C17163AC600C7AB97 /* ctrip-mobile */,
				2B17DD8517163AC500C7AB97 /* Frameworks */,
				2B17DD8417163AC500C7AB97 /* Products */,
			);
			sourceTree = "<group>";
		};
		2B17DD8417163AC500C7AB97 /* Products */ = {
			isa = PBXGroup;
			children = (
				2B17DD8317163AC500C7AB97 /* ctrip-mobile.app */,
			);
			name = Products;
			sourceTree = "<group>";
		};
		2B17DD8517163AC500C7AB97 /* Frameworks */ = {
			isa = PBXGroup;
			children = (
				802E60891733E0B600E7BBE3 /* CoreData.framework */,
				2B8725501724FF4B00FC5FC7 /* MapKit.framework */,
				2B188FE4171D1DFC000CC570 /* libz.dylib */,
				2B774CB6172110BE00FFD9DF /* QuartzCore.framework */,
				2B188FE0171D1C6E000CC570 /* MobileCoreServices.framework */,
				2B188FDE171D1C63000CC570 /* SystemConfiguration.framework */,
				2B188FDC171D1C53000CC570 /* CFNetwork.framework */,
				2B17DDBD17179F1B00C7AB97 /* CoreLocation.framework */,
				2B17DD8617163AC600C7AB97 /* UIKit.framework */,
				2B17DD8817163AC600C7AB97 /* Foundation.framework */,
				2B17DD8A17163AC600C7AB97 /* CoreGraphics.framework */,
			);
			name = Frameworks;
			sourceTree = "<group>";
		};
		2B17DD8C17163AC600C7AB97 /* ctrip-mobile */ = {
			isa = PBXGroup;
			children = (
				2B17DD9517163AC600C7AB97 /* RococoAppDelegate.h */,
				2B17DD9617163AC600C7AB97 /* RococoAppDelegate.m */,
				2B17DD8D17163AC600C7AB97 /* Supporting Files */,
			);
			path = "ctrip-mobile";
			sourceTree = "<group>";
		};
		2B17DD8D17163AC600C7AB97 /* Supporting Files */ = {
			isa = PBXGroup;
			children = (
				2B774CB217210EA000FFD9DF /* Images */,
				2B17DD8E17163AC600C7AB97 /* ctrip-mobile-Info.plist */,
				2B17DD8F17163AC600C7AB97 /* InfoPlist.strings */,
				2B17DD9217163AC600C7AB97 /* main.m */,
				2B17DD9417163AC600C7AB97 /* ctrip-mobile-Prefix.pch */,
			);
			name = "Supporting Files";
			sourceTree = "<group>";
		};
		2B188FBE171D1939000CC570 /* SBJSON */ = {
			isa = PBXGroup;
			children = (
				2B188FB1171D1931000CC570 /* JSON.h */,
				2B188FB2171D1931000CC570 /* NSObject+SBJSON.h */,
				2B188FB3171D1931000CC570 /* NSObject+SBJSON.m */,
				2B188FB4171D1931000CC570 /* NSString+SBJSON.h */,
				2B188FB5171D1931000CC570 /* NSString+SBJSON.m */,
				2B188FB6171D1931000CC570 /* SBJSON.h */,
				2B188FB7171D1931000CC570 /* SBJSON.m */,
				2B188FB8171D1931000CC570 /* SBJsonBase.h */,
				2B188FB9171D1931000CC570 /* SBJsonBase.m */,
				2B188FBA171D1931000CC570 /* SBJsonParser.h */,
				2B188FBB171D1931000CC570 /* SBJsonParser.m */,
				2B188FBC171D1931000CC570 /* SBJsonWriter.h */,
				2B188FBD171D1931000CC570 /* SBJsonWriter.m */,
			);
			name = SBJSON;
			sourceTree = "<group>";
		};
		2B188FDB171D1A41000CC570 /* MBProgressHUD */ = {
			isa = PBXGroup;
			children = (
				2B82CBAC171E602000A5A4EC /* MBProgressHUD.h */,
				2B82CBAD171E602000A5A4EC /* MBProgressHUD.m */,
			);
			name = MBProgressHUD;
			sourceTree = "<group>";
		};
		2B188FE8171D24F2000CC570 /* AFNetworking */ = {
			isa = PBXGroup;
			children = (
				2B188FE9171D24F2000CC570 /* AFHTTPClient.h */,
				2B188FEA171D24F2000CC570 /* AFHTTPClient.m */,
				2B188FEB171D24F2000CC570 /* AFHTTPRequestOperation.h */,
				2B188FEC171D24F2000CC570 /* AFHTTPRequestOperation.m */,
				2B188FED171D24F2000CC570 /* AFImageRequestOperation.h */,
				2B188FEE171D24F2000CC570 /* AFImageRequestOperation.m */,
				2B188FEF171D24F2000CC570 /* AFJSONRequestOperation.h */,
				2B188FF0171D24F2000CC570 /* AFJSONRequestOperation.m */,
				2B188FF1171D24F2000CC570 /* AFNetworkActivityIndicatorManager.h */,
				2B188FF2171D24F2000CC570 /* AFNetworkActivityIndicatorManager.m */,
				2B188FF3171D24F2000CC570 /* AFNetworking.h */,
				2B188FF4171D24F2000CC570 /* AFPropertyListRequestOperation.h */,
				2B188FF5171D24F2000CC570 /* AFPropertyListRequestOperation.m */,
				2B188FF6171D24F2000CC570 /* AFURLConnectionOperation.h */,
				2B188FF7171D24F2000CC570 /* AFURLConnectionOperation.m */,
				2B188FF8171D24F2000CC570 /* AFXMLRequestOperation.h */,
				2B188FF9171D24F2000CC570 /* AFXMLRequestOperation.m */,
				2B188FFA171D24F2000CC570 /* UIImageView+AFNetworking.h */,
				2B188FFB171D24F2000CC570 /* UIImageView+AFNetworking.m */,
			);
			path = AFNetworking;
			sourceTree = "<group>";
		};
		2B774CA8172105A000FFD9DF /* iCarousel */ = {
			isa = PBXGroup;
			children = (
				2B774CA9172105A000FFD9DF /* iCarousel.h */,
				2B774CAA172105A000FFD9DF /* iCarousel.m */,
			);
			path = iCarousel;
			sourceTree = "<group>";
		};
		2B774CB217210EA000FFD9DF /* Images */ = {
			isa = PBXGroup;
			children = (
				80F21F6A173BDCC100D9A580 /* hotel1.png */,
				80F21F6B173BDCC100D9A580 /* House-256.png */,
				80F21F6C173BDCC100D9A580 /* OldHouse.png */,
				2BE79048173A1049001011FB /* transparent.png.png */,
				2BE79044173A0DA7001011FB /* white.png */,
				2BE790401739ED8B001011FB /* airplane@2x.png.png */,
				8023A74B1739465F00C9ED75 /* HOME.png */,
				8023A74C1739465F00C9ED75 /* hotel.png */,
				8023A74717393E8200C9ED75 /* thumbnail.png */,
				8023A74817393E8200C9ED75 /* thumbnail@2x.png */,
				8023A74317393D6400C9ED75 /* placeholder.png */,
				8023A74417393D6400C9ED75 /* placeholder@2x.png */,
				801343A6172F9138007FEBB1 /* home_selected.png */,
				801343A7172F9138007FEBB1 /* home_selected@2x.png */,
				80D379A3172EDE53008075AF /* NotifyCheck.png */,
				80D379A4172EDE53008075AF /* NotifyCheck@2x.png */,
				80D379A5172EDE53008075AF /* NotifyX.png */,
				80D379A6172EDE54008075AF /* NotifyX@2x.png */,
				2B774CAC17210E6A00FFD9DF /* background.png */,
				2B774CAD17210E6A00FFD9DF /* page.png */,
				2B82CB9A171E598400A5A4EC /* cell_bottom.png */,
				2B82CB9B171E598400A5A4EC /* cell_bottom@2x.png */,
				2B82CB9C171E598400A5A4EC /* cell_middle.png */,
				2B82CB9D171E598400A5A4EC /* cell_middle@2x.png */,
				2B82CB9E171E598400A5A4EC /* cell_top_tile.png */,
				2B82CB9F171E598400A5A4EC /* cell_top.png */,
				2B82CBA0171E598400A5A4EC /* cell_top@2x.png */,
				2B82CBA1171E598400A5A4EC /* common_bg.png */,
				2B82CBA2171E598400A5A4EC /* common_bg@2x.png */,
				2B17DDB81717936E00C7AB97 /* navbar_bg@2x.png */,
				2B17DDB61717936800C7AB97 /* navbar_bg.png */,
				2B17DDB41717935F00C7AB97 /* button_normal.png */,
				2B17DDB21717935700C7AB97 /* button_back.png */,
				2B17DDAB1716569E00C7AB97 /* Default-568h@2x.png */,
				2B17DDAC1716569E00C7AB97 /* Default.png */,
				2B17DDAD1716569E00C7AB97 /* Default@2x.png */,
				2B17DDA917163BF400C7AB97 /* airplane.png */,
			);
			name = Images;
			sourceTree = "<group>";
		};
		2B82CB95171E2E4700A5A4EC /* Views */ = {
			isa = PBXGroup;
			children = (
				80D379AB172EDE72008075AF /* JSNotifier.h */,
				80D379AC172EDE72008075AF /* JSNotifier.m */,
				2B774CA8172105A000FFD9DF /* iCarousel */,
				2B82CB93171E2E4000A5A4EC /* MItemCell.xib */,
				2B82CB90171E2AEC00A5A4EC /* MItemCell.h */,
				2B82CB91171E2AEC00A5A4EC /* MItemCell.m */,
				2B82CBB6171E84F300A5A4EC /* MCell.h */,
				2B82CBB7171E84F300A5A4EC /* MCell.m */,
				2B82CBB9171E898E00A5A4EC /* MCell.xib */,
				2B82CBBB171E8A6B00A5A4EC /* MTextFieldCell.h */,
				2B82CBBC171E8A6B00A5A4EC /* MTextFieldCell.m */,
				2B82CBBE171E8AD600A5A4EC /* MTextFieldCell.xib */,
				2B774CA31721051300FFD9DF /* CarouselView.h */,
				2B774CA41721051300FFD9DF /* CarouselView.m */,
				2B8725491724F62B00FC5FC7 /* MDetailCell.xib */,
				2B0A0D62172628D30057D9DD /* MDetailCell.h */,
				2B0A0D63172628D30057D9DD /* MDetailCell.m */,
				80C9633717363E1C007A983A /* MOrderCell.h */,
				80C9633817363E1C007A983A /* MOrderCell.m */,
			);
			name = Views;
			sourceTree = "<group>";
		};
		2B82CB96171E395600A5A4EC /* Models */ = {
			isa = PBXGroup;
			children = (
				80C963301736339A007A983A /* OrderEntity.h */,
				80C963311736339A007A983A /* OrderEntity.m */,
				802E60851733DE7500E7BBE3 /* MDB.xcdatamodeld */,
				2B82CBC0171E9B0400A5A4EC /* UserDefaults.h */,
				2B82CBC1171E9B0400A5A4EC /* UserDefaults.m */,
				2B82CB97171E399A00A5A4EC /* Item.h */,
				2B82CB98171E399A00A5A4EC /* Item.m */,
				2B87254D1724FD6200FC5FC7 /* ItemDetail.h */,
				2B87254E1724FD6200FC5FC7 /* ItemDetail.m */,
				2BF13BAA172776AA0031AE64 /* TOrder.h */,
				2BF13BAB172776AA0031AE64 /* TOrder.m */,
			);
			name = Models;
			sourceTree = "<group>";
		};
		2B82CBB2171E811200A5A4EC /* Controllers */ = {
			isa = PBXGroup;
			children = (
				2B289F9A171FAF2600A3CE7B /* MSelectController.h */,
				2B289F9B171FAF2700A3CE7B /* MSelectController.m */,
				2B17DDBA1717958C00C7AB97 /* MNavigationController.h */,
				2B17DDBB1717958C00C7AB97 /* MNavigationController.m */,
				2B17DDBF1717A26B00C7AB97 /* MItemListController.h */,
				2B17DDC01717A26B00C7AB97 /* MItemListController.m */,
				2B82CBAF171E7A9000A5A4EC /* MConfigController.h */,
				2B82CBB0171E7A9000A5A4EC /* MConfigController.m */,
				2B82CBB3171E814100A5A4EC /* MBaseController.h */,
				2B82CBB4171E814100A5A4EC /* MBaseController.m */,
				2B774CA01720E5D400FFD9DF /* MWindow.h */,
				2B774CA11720E5D400FFD9DF /* MWindow.m */,
				2B774CB317210ED800FFD9DF /* MItemDetailController.h */,
				2B774CB417210ED800FFD9DF /* MItemDetailController.m */,
				2BF13BAD172778200031AE64 /* MOrderCreateController.h */,
				2BF13BAE172778200031AE64 /* MOrderCreateController.m */,
				8013439E172F74D0007FEBB1 /* MMapController.h */,
				8013439F172F74D0007FEBB1 /* MMapController.m */,
				802E60921734C99300E7BBE3 /* MMyOrderController.h */,
				802E60931734C99300E7BBE3 /* MMyOrderController.m */,
				80C9633A17364E6A007A983A /* MOrderDetailController.h */,
				80C9633B17364E6A007A983A /* MOrderDetailController.m */,
			);
			name = Controllers;
			sourceTree = "<group>";
		};
		801343D8172FA8A4007FEBB1 /* Categories */ = {
			isa = PBXGroup;
			children = (
				801343D9172FA8DC007FEBB1 /* RIButtonItem.h */,
				801343DA172FA8DC007FEBB1 /* RIButtonItem.m */,
				801343DB172FA8DC007FEBB1 /* UIActionSheet+Blocks.h */,
				801343DC172FA8DC007FEBB1 /* UIActionSheet+Blocks.m */,
				801343DD172FA8DC007FEBB1 /* UIAlertView+Blocks.h */,
				801343DE172FA8DC007FEBB1 /* UIAlertView+Blocks.m */,
				80D3795B172E2AD2008075AF /* NSString+Category.h */,
				80D3795C172E2AD2008075AF /* NSString+Category.m */,
			);
			name = Categories;
			sourceTree = "<group>";
		};
/* End PBXGroup section */

/* Begin PBXNativeTarget section */
		2B17DD8217163AC500C7AB97 /* ctrip-mobile */ = {
			isa = PBXNativeTarget;
			buildConfigurationList = 2B17DDA617163AC600C7AB97 /* Build configuration list for PBXNativeTarget "ctrip-mobile" */;
			buildPhases = (
				2B17DD7F17163AC500C7AB97 /* Sources */,
				2B17DD8017163AC500C7AB97 /* Frameworks */,
				2B17DD8117163AC500C7AB97 /* Resources */,
			);
			buildRules = (
			);
			dependencies = (
			);
			name = "ctrip-mobile";
			productName = "ctrip-mobile";
			productReference = 2B17DD8317163AC500C7AB97 /* ctrip-mobile.app */;
			productType = "com.apple.product-type.application";
		};
/* End PBXNativeTarget section */

/* Begin PBXProject section */
		2B17DD7B17163AC500C7AB97 /* Project object */ = {
			isa = PBXProject;
			attributes = {
				CLASSPREFIX = Rococo;
				LastUpgradeCheck = 0460;
				ORGANIZATIONNAME = caoguangyao;
			};
			buildConfigurationList = 2B17DD7E17163AC500C7AB97 /* Build configuration list for PBXProject "ctrip-mobile" */;
			compatibilityVersion = "Xcode 3.2";
			developmentRegion = English;
			hasScannedForEncodings = 0;
			knownRegions = (
				en,
			);
			mainGroup = 2B17DD7A17163AC500C7AB97;
			productRefGroup = 2B17DD8417163AC500C7AB97 /* Products */;
			projectDirPath = "";
			projectRoot = "";
			targets = (
				2B17DD8217163AC500C7AB97 /* ctrip-mobile */,
			);
		};
/* End PBXProject section */

/* Begin PBXResourcesBuildPhase section */
		2B17DD8117163AC500C7AB97 /* Resources */ = {
			isa = PBXResourcesBuildPhase;
			buildActionMask = 2147483647;
			files = (
				2B17DD9117163AC600C7AB97 /* InfoPlist.strings in Resources */,
				2B17DDAA17163BF400C7AB97 /* airplane.png in Resources */,
				2B17DDAE1716569E00C7AB97 /* Default-568h@2x.png in Resources */,
				2B17DDAF1716569E00C7AB97 /* Default.png in Resources */,
				2B17DDB01716569E00C7AB97 /* Default@2x.png in Resources */,
				2B17DDB31717935700C7AB97 /* button_back.png in Resources */,
				2B17DDB51717935F00C7AB97 /* button_normal.png in Resources */,
				2B17DDB71717936800C7AB97 /* navbar_bg.png in Resources */,
				2B17DDB91717936E00C7AB97 /* navbar_bg@2x.png in Resources */,
				2B82CB94171E2E4000A5A4EC /* MItemCell.xib in Resources */,
				2B82CBA3171E598400A5A4EC /* cell_bottom.png in Resources */,
				2B82CBA4171E598400A5A4EC /* cell_bottom@2x.png in Resources */,
				2B82CBA5171E598400A5A4EC /* cell_middle.png in Resources */,
				2B82CBA6171E598400A5A4EC /* cell_middle@2x.png in Resources */,
				2B82CBA7171E598400A5A4EC /* cell_top_tile.png in Resources */,
				2B82CBA8171E598400A5A4EC /* cell_top.png in Resources */,
				2B82CBA9171E598400A5A4EC /* cell_top@2x.png in Resources */,
				2B82CBAA171E598400A5A4EC /* common_bg.png in Resources */,
				2B82CBAB171E598400A5A4EC /* common_bg@2x.png in Resources */,
				2B82CBBA171E898E00A5A4EC /* MCell.xib in Resources */,
				2B82CBBF171E8AD600A5A4EC /* MTextFieldCell.xib in Resources */,
				2B774CAF17210E6A00FFD9DF /* background.png in Resources */,
				2B774CB017210E6A00FFD9DF /* page.png in Resources */,
				2B87254A1724F62B00FC5FC7 /* MDetailCell.xib in Resources */,
				80D379A7172EDE55008075AF /* NotifyCheck.png in Resources */,
				80D379A8172EDE55008075AF /* NotifyCheck@2x.png in Resources */,
				80D379A9172EDE55008075AF /* NotifyX.png in Resources */,
				80D379AA172EDE55008075AF /* NotifyX@2x.png in Resources */,
				801343BA172F9138007FEBB1 /* home_selected.png in Resources */,
				801343BB172F9138007FEBB1 /* home_selected@2x.png in Resources */,
				8023A74517393D6400C9ED75 /* placeholder.png in Resources */,
				8023A74617393D6400C9ED75 /* placeholder@2x.png in Resources */,
				8023A74917393E8200C9ED75 /* thumbnail.png in Resources */,
				8023A74A17393E8200C9ED75 /* thumbnail@2x.png in Resources */,
				8023A74D1739465F00C9ED75 /* HOME.png in Resources */,
				8023A74E1739465F00C9ED75 /* hotel.png in Resources */,
				2BE790411739ED8B001011FB /* airplane@2x.png.png in Resources */,
				2BE79045173A0DA7001011FB /* white.png in Resources */,
				2BE79049173A1049001011FB /* transparent.png.png in Resources */,
				80F21F6F173BDCC100D9A580 /* hotel1.png in Resources */,
				80F21F70173BDCC100D9A580 /* House-256.png in Resources */,
				80F21F71173BDCC100D9A580 /* OldHouse.png in Resources */,
				80F21F75173DF38100D9A580 /* iPhoneIcon_Big.png in Resources */,
				80F21F76173DF38100D9A580 /* iPhoneIcon_Small.png in Resources */,
				80F21F78173DF48100D9A580 /* Home-icon.png in Resources */,
				2B2E7A651741FD5A0061B330 /* share this.png in Resources */,
			);
			runOnlyForDeploymentPostprocessing = 0;
		};
/* End PBXResourcesBuildPhase section */

/* Begin PBXSourcesBuildPhase section */
		2B17DD7F17163AC500C7AB97 /* Sources */ = {
			isa = PBXSourcesBuildPhase;
			buildActionMask = 2147483647;
			files = (
				2B17DD9317163AC600C7AB97 /* main.m in Sources */,
				2B17DD9717163AC600C7AB97 /* RococoAppDelegate.m in Sources */,
				2B17DDBC1717958D00C7AB97 /* MNavigationController.m in Sources */,
				2B17DDC11717A26B00C7AB97 /* MItemListController.m in Sources */,
				2B188FFC171D24F2000CC570 /* AFHTTPClient.m in Sources */,
				2B188FFD171D24F2000CC570 /* AFHTTPRequestOperation.m in Sources */,
				2B188FFE171D24F2000CC570 /* AFImageRequestOperation.m in Sources */,
				2B188FFF171D24F2000CC570 /* AFJSONRequestOperation.m in Sources */,
				2B189000171D24F2000CC570 /* AFNetworkActivityIndicatorManager.m in Sources */,
				2B189001171D24F2000CC570 /* AFPropertyListRequestOperation.m in Sources */,
				2B189002171D24F2000CC570 /* AFURLConnectionOperation.m in Sources */,
				2B189003171D24F2000CC570 /* AFXMLRequestOperation.m in Sources */,
				2B189004171D24F2000CC570 /* UIImageView+AFNetworking.m in Sources */,
				2B82CB92171E2AEC00A5A4EC /* MItemCell.m in Sources */,
				2B82CB99171E399A00A5A4EC /* Item.m in Sources */,
				2B82CBAE171E602000A5A4EC /* MBProgressHUD.m in Sources */,
				2B82CBB1171E7A9100A5A4EC /* MConfigController.m in Sources */,
				2B82CBB5171E814100A5A4EC /* MBaseController.m in Sources */,
				2B82CBB8171E84F300A5A4EC /* MCell.m in Sources */,
				2B82CBBD171E8A6B00A5A4EC /* MTextFieldCell.m in Sources */,
				2B82CBC2171E9B0400A5A4EC /* UserDefaults.m in Sources */,
				2B289F98171F819100A3CE7B /* Const.m in Sources */,
				2B289F9C171FAF2700A3CE7B /* MSelectController.m in Sources */,
				2B774CA21720E5D400FFD9DF /* MWindow.m in Sources */,
				2B774CA51721051300FFD9DF /* CarouselView.m in Sources */,
				2B774CAB172105A000FFD9DF /* iCarousel.m in Sources */,
				2B774CB517210ED800FFD9DF /* MItemDetailController.m in Sources */,
				2B774CBA172129BD00FFD9DF /* MNetWork.m in Sources */,
				2B87254F1724FD6200FC5FC7 /* ItemDetail.m in Sources */,
				2B0A0D64172628D30057D9DD /* MDetailCell.m in Sources */,
				2BF13BAC172776AA0031AE64 /* TOrder.m in Sources */,
				2BF13BAF172778200031AE64 /* MOrderCreateController.m in Sources */,
				80D37959172E29D6008075AF /* Utility.m in Sources */,
				80D3795D172E2AD2008075AF /* NSString+Category.m in Sources */,
				80D379AD172EDE73008075AF /* JSNotifier.m in Sources */,
				801343A0172F74D0007FEBB1 /* MMapController.m in Sources */,
				801343DF172FA8DC007FEBB1 /* RIButtonItem.m in Sources */,
				801343E0172FA8DC007FEBB1 /* UIActionSheet+Blocks.m in Sources */,
				801343E1172FA8DC007FEBB1 /* UIAlertView+Blocks.m in Sources */,
				2BCB41851733AFDF00B4C12E /* Reachability.m in Sources */,
				802E60871733DE7500E7BBE3 /* MDB.xcdatamodeld in Sources */,
				802E60941734C99300E7BBE3 /* MMyOrderController.m in Sources */,
				80C963321736339A007A983A /* OrderEntity.m in Sources */,
				80C9633917363E1C007A983A /* MOrderCell.m in Sources */,
				80C9633C17364E6A007A983A /* MOrderDetailController.m in Sources */,
			);
			runOnlyForDeploymentPostprocessing = 0;
		};
/* End PBXSourcesBuildPhase section */

/* Begin PBXVariantGroup section */
		2B17DD8F17163AC600C7AB97 /* InfoPlist.strings */ = {
			isa = PBXVariantGroup;
			children = (
				2B17DD9017163AC600C7AB97 /* en */,
			);
			name = InfoPlist.strings;
			sourceTree = "<group>";
		};
/* End PBXVariantGroup section */

/* Begin XCBuildConfiguration section */
		2B17DDA417163AC600C7AB97 /* Debug */ = {
			isa = XCBuildConfiguration;
			buildSettings = {
				ALWAYS_SEARCH_USER_PATHS = NO;
				CLANG_CXX_LANGUAGE_STANDARD = "gnu++0x";
				CLANG_CXX_LIBRARY = "libc++";
				CLANG_WARN_CONSTANT_CONVERSION = YES;
				CLANG_WARN_EMPTY_BODY = YES;
				CLANG_WARN_ENUM_CONVERSION = YES;
				CLANG_WARN_INT_CONVERSION = YES;
				CLANG_WARN__DUPLICATE_METHOD_MATCH = YES;
				CODE_SIGN_IDENTITY = "iPhone Distribution: Rococo Co., Ltd.";
				"CODE_SIGN_IDENTITY[sdk=iphoneos*]" = "iPhone Developer";
				COPY_PHASE_STRIP = NO;
				GCC_C_LANGUAGE_STANDARD = gnu99;
				GCC_DYNAMIC_NO_PIC = NO;
				GCC_OPTIMIZATION_LEVEL = 0;
				GCC_PREPROCESSOR_DEFINITIONS = (
					"DEBUG=1",
					"$(inherited)",
				);
				GCC_SYMBOLS_PRIVATE_EXTERN = NO;
				GCC_WARN_ABOUT_RETURN_TYPE = YES;
				GCC_WARN_UNINITIALIZED_AUTOS = YES;
				GCC_WARN_UNUSED_VARIABLE = YES;
				IPHONEOS_DEPLOYMENT_TARGET = 5.0;
				ONLY_ACTIVE_ARCH = YES;
				PROVISIONING_PROFILE = "";
				"PROVISIONING_PROFILE[sdk=iphoneos*]" = "";
				SDKROOT = iphoneos;
			};
			name = Debug;
		};
		2B17DDA517163AC600C7AB97 /* Release */ = {
			isa = XCBuildConfiguration;
			buildSettings = {
				ALWAYS_SEARCH_USER_PATHS = NO;
				CLANG_CXX_LANGUAGE_STANDARD = "gnu++0x";
				CLANG_CXX_LIBRARY = "libc++";
				CLANG_WARN_CONSTANT_CONVERSION = YES;
				CLANG_WARN_EMPTY_BODY = YES;
				CLANG_WARN_ENUM_CONVERSION = YES;
				CLANG_WARN_INT_CONVERSION = YES;
				CLANG_WARN__DUPLICATE_METHOD_MATCH = YES;
				CODE_SIGN_IDENTITY = "iPhone Distribution: Rococo Co., Ltd.";
				"CODE_SIGN_IDENTITY[sdk=iphoneos*]" = "iPhone Developer";
				COPY_PHASE_STRIP = YES;
				GCC_C_LANGUAGE_STANDARD = gnu99;
				GCC_WARN_ABOUT_RETURN_TYPE = YES;
				GCC_WARN_UNINITIALIZED_AUTOS = YES;
				GCC_WARN_UNUSED_VARIABLE = YES;
				IPHONEOS_DEPLOYMENT_TARGET = 5.0;
				OTHER_CFLAGS = "-DNS_BLOCK_ASSERTIONS=1";
				PROVISIONING_PROFILE = "";
				SDKROOT = iphoneos;
				VALIDATE_PRODUCT = YES;
			};
			name = Release;
		};
		2B17DDA717163AC600C7AB97 /* Debug */ = {
			isa = XCBuildConfiguration;
			buildSettings = {
				CODE_SIGN_IDENTITY = "iPhone Developer: guangyao cao (7L9YX9GNEA)";
				"CODE_SIGN_IDENTITY[sdk=iphoneos*]" = "iPhone Developer: guangyao cao (7L9YX9GNEA)";
				GCC_PRECOMPILE_PREFIX_HEADER = YES;
				GCC_PREFIX_HEADER = "ctrip-mobile/ctrip-mobile-Prefix.pch";
				INFOPLIST_FILE = "ctrip-mobile/ctrip-mobile-Info.plist";
				IPHONEOS_DEPLOYMENT_TARGET = 5.0;
				PRODUCT_NAME = "$(TARGET_NAME)";
				PROVISIONING_PROFILE = "BECB79F1-4F75-4398-BC76-F7996AE438A3";
				"PROVISIONING_PROFILE[sdk=iphoneos*]" = "BECB79F1-4F75-4398-BC76-F7996AE438A3";
				WRAPPER_EXTENSION = app;
			};
			name = Debug;
		};
		2B17DDA817163AC600C7AB97 /* Release */ = {
			isa = XCBuildConfiguration;
			buildSettings = {
				CODE_SIGN_IDENTITY = "iPhone Developer: guangyao cao (7L9YX9GNEA)";
				"CODE_SIGN_IDENTITY[sdk=iphoneos*]" = "iPhone Developer: guangyao cao (7L9YX9GNEA)";
				GCC_PRECOMPILE_PREFIX_HEADER = YES;
				GCC_PREFIX_HEADER = "ctrip-mobile/ctrip-mobile-Prefix.pch";
				INFOPLIST_FILE = "ctrip-mobile/ctrip-mobile-Info.plist";
				IPHONEOS_DEPLOYMENT_TARGET = 5.0;
				PRODUCT_NAME = "$(TARGET_NAME)";
				PROVISIONING_PROFILE = "BECB79F1-4F75-4398-BC76-F7996AE438A3";
				"PROVISIONING_PROFILE[sdk=iphoneos*]" = "BECB79F1-4F75-4398-BC76-F7996AE438A3";
				WRAPPER_EXTENSION = app;
			};
			name = Release;
		};
/* End XCBuildConfiguration section */

/* Begin XCConfigurationList section */
		2B17DD7E17163AC500C7AB97 /* Build configuration list for PBXProject "ctrip-mobile" */ = {
			isa = XCConfigurationList;
			buildConfigurations = (
				2B17DDA417163AC600C7AB97 /* Debug */,
				2B17DDA517163AC600C7AB97 /* Release */,
			);
			defaultConfigurationIsVisible = 0;
			defaultConfigurationName = Release;
		};
		2B17DDA617163AC600C7AB97 /* Build configuration list for PBXNativeTarget "ctrip-mobile" */ = {
			isa = XCConfigurationList;
			buildConfigurations = (
				2B17DDA717163AC600C7AB97 /* Debug */,
				2B17DDA817163AC600C7AB97 /* Release */,
			);
			defaultConfigurationIsVisible = 0;
			defaultConfigurationName = Release;
		};
/* End XCConfigurationList section */

/* Begin XCVersionGroup section */
		802E60851733DE7500E7BBE3 /* MDB.xcdatamodeld */ = {
			isa = XCVersionGroup;
			children = (
				802E60861733DE7500E7BBE3 /* MDB.xcdatamodel */,
			);
			currentVersion = 802E60861733DE7500E7BBE3 /* MDB.xcdatamodel */;
			path = MDB.xcdatamodeld;
			sourceTree = "<group>";
			versionGroupType = wrapper.xcdatamodel;
		};
/* End XCVersionGroup section */
	};
	rootObject = 2B17DD7B17163AC500C7AB97 /* Project object */;
}
